
Microsoft Visual Studio Solution File, Format Version 12.00
# Visual Studio Version 17
VisualStudioVersion = 17.7.34202.233
MinimumVisualStudioVersion = 10.0.40219.1
Project("{9A19103F-16F7-4668-BE54-9A1E7A4F7556}") = "csepAuditTool", "csepAuditTool\csepAuditTool.csproj", "{42517F51-B0AC-4779-8A00-043C8FC92161}"
EndProject
Global
	GlobalSection(SolutionConfigurationPlatforms) = preSolution
		Debug|Any CPU = Debug|Any CPU
		PROD|Any CPU = PROD|Any CPU
		Release|Any CPU = Release|Any CPU
		SUPP|Any CPU = SUPP|Any CPU
		TEST|Any CPU = TEST|Any CPU
	EndGlobalSection
	GlobalSection(ProjectConfigurationPlatforms) = postSolution
		{42517F51-B0AC-4779-8A00-043C8FC92161}.Debug|Any CPU.ActiveCfg = Debug|Any CPU
		{42517F51-B0AC-4779-8A00-043C8FC92161}.Debug|Any CPU.Build.0 = Debug|Any CPU
		{42517F51-B0AC-4779-8A00-043C8FC92161}.PROD|Any CPU.ActiveCfg = PROD|Any CPU
		{42517F51-B0AC-4779-8A00-043C8FC92161}.PROD|Any CPU.Build.0 = PROD|Any CPU
		{42517F51-B0AC-4779-8A00-043C8FC92161}.Release|Any CPU.ActiveCfg = Release|Any CPU
		{42517F51-B0AC-4779-8A00-043C8FC92161}.Release|Any CPU.Build.0 = Release|Any CPU
		{42517F51-B0AC-4779-8A00-043C8FC92161}.SUPP|Any CPU.ActiveCfg = SUPP|Any CPU
		{42517F51-B0AC-4779-8A00-043C8FC92161}.SUPP|Any CPU.Build.0 = SUPP|Any CPU
		{42517F51-B0AC-4779-8A00-043C8FC92161}.TEST|Any CPU.ActiveCfg = TEST|Any CPU
		{42517F51-B0AC-4779-8A00-043C8FC92161}.TEST|Any CPU.Build.0 = TEST|Any CPU
	EndGlobalSection
	GlobalSection(SolutionProperties) = preSolution
		HideSolutionNode = FALSE
	EndGlobalSection
	GlobalSection(ExtensibilityGlobals) = postSolution
		SolutionGuid = {E9AA7798-FC0B-4434-B207-3CE2C9826D30}
	EndGlobalSection
EndGlobal
